# THIS IS AN AUTOGENERATED FILE. DO NOT EDIT THIS FILE DIRECTLY.
# yarn lockfile v1


"@emotion/is-prop-valid@^0.8.2":
  version "0.8.8"
  resolved "https://registry.yarnpkg.com/@emotion/is-prop-valid/-/is-prop-valid-0.8.8.tgz#db28b1c4368a259b60a97311d6a952d4fd01ac1a"
  integrity sha512-u5WtneEAr5IDG2Wv65yhunPSMLIpuKsbuOktRojfrEiEvRyC85LgPMZI63cr7NUqT8ZIGdSVg8ZKGxIug4lXcA==
  dependencies:
    "@emotion/memoize" "0.7.4"

"@emotion/memoize@0.7.4":
  version "0.7.4"
  resolved "https://registry.yarnpkg.com/@emotion/memoize/-/memoize-0.7.4.tgz#19bf0f5af19149111c40d98bb0cf82119f5d9eeb"
  integrity sha512-Ja/Vfqe3HpuzRsG1oBtWTHk2PGZ7GR+2Vz5iYGelAw8dx32K0y7PjVuxK6z1nMpZOqAFsRUPCkK1YjJ56qJlgw==

"@motionone/animation@^10.13.1":
  version "10.14.0"
  resolved "https://registry.yarnpkg.com/@motionone/animation/-/animation-10.14.0.tgz#2f2a3517183bb58d82e389aac777fe0850079de6"
  integrity sha512-h+1sdyBP8vbxEBW5gPFDnj+m2DCqdlAuf2g6Iafb1lcMnqjsRXWlPw1AXgvUMXmreyhqmPbJqoNfIKdytampRQ==
  dependencies:
    "@motionone/easing" "^10.14.0"
    "@motionone/types" "^10.14.0"
    "@motionone/utils" "^10.14.0"
    tslib "^2.3.1"

"@motionone/dom@10.13.1":
  version "10.13.1"
  resolved "https://registry.yarnpkg.com/@motionone/dom/-/dom-10.13.1.tgz#fc29ea5d12538f21b211b3168e502cfc07a24882"
  integrity sha512-zjfX+AGMIt/fIqd/SL1Lj93S6AiJsEA3oc5M9VkUr+Gz+juRmYN1vfvZd6MvEkSqEjwPQgcjN7rGZHrDB9APfQ==
  dependencies:
    "@motionone/animation" "^10.13.1"
    "@motionone/generators" "^10.13.1"
    "@motionone/types" "^10.13.0"
    "@motionone/utils" "^10.13.1"
    hey-listen "^1.0.8"
    tslib "^2.3.1"

"@motionone/easing@^10.14.0":
  version "10.14.0"
  resolved "https://registry.yarnpkg.com/@motionone/easing/-/easing-10.14.0.tgz#d8154b7f71491414f3cdee23bd3838d763fffd00"
  integrity sha512-2vUBdH9uWTlRbuErhcsMmt1jvMTTqvGmn9fHq8FleFDXBlHFs5jZzHJT9iw+4kR1h6a4SZQuCf72b9ji92qNYA==
  dependencies:
    "@motionone/utils" "^10.14.0"
    tslib "^2.3.1"

"@motionone/generators@^10.13.1":
  version "10.14.0"
  resolved "https://registry.yarnpkg.com/@motionone/generators/-/generators-10.14.0.tgz#e05d9dd56da78a4b92db99185848a0f3db62242d"
  integrity sha512-6kRHezoFfIjFN7pPpaxmkdZXD36tQNcyJe3nwVqwJ+ZfC0e3rFmszR8kp9DEVFs9QL/akWjuGPSLBI1tvz+Vjg==
  dependencies:
    "@motionone/types" "^10.14.0"
    "@motionone/utils" "^10.14.0"
    tslib "^2.3.1"

"@motionone/types@^10.13.0", "@motionone/types@^10.14.0":
  version "10.14.0"
  resolved "https://registry.yarnpkg.com/@motionone/types/-/types-10.14.0.tgz#148c34f3270b175397e49c3058b33fab405c21e3"
  integrity sha512-3bNWyYBHtVd27KncnJLhksMFQ5o2MSdk1cA/IZqsHtA9DnRM1SYgN01CTcJ8Iw8pCXF5Ocp34tyAjY7WRpOJJQ==

"@motionone/utils@^10.13.1", "@motionone/utils@^10.14.0":
  version "10.14.0"
  resolved "https://registry.yarnpkg.com/@motionone/utils/-/utils-10.14.0.tgz#a19a3464ed35b08506747b062d035c7bc9bbe708"
  integrity sha512-sLWBLPzRqkxmOTRzSaD3LFQXCPHvDzyHJ1a3VP9PRzBxyVd2pv51/gMOsdAcxQ9n+MIeGJnxzXBYplUHKj4jkw==
  dependencies:
    "@motionone/types" "^10.14.0"
    hey-listen "^1.0.8"
    tslib "^2.3.1"

"@next/env@13.0.1":
  version "13.0.1"
  resolved "https://registry.yarnpkg.com/@next/env/-/env-13.0.1.tgz#0361e203c7bfbc7b69679ec48f7b45a8f4cb1c2c"
  integrity sha512-gK60YoFae3s8qi5UgIzbvxOhsh5gKyEaiKH5+kLBUYXLlrPyWJR2xKBj2WqvHkO7wDX7/Hed3DAqjSpU4ijIvQ==

"@next/swc-android-arm-eabi@13.0.1":
  version "13.0.1"
  resolved "https://registry.yarnpkg.com/@next/swc-android-arm-eabi/-/swc-android-arm-eabi-13.0.1.tgz#7ce2a7b6576845bc6d7f55504bf9b82a0d9a2792"
  integrity sha512-M28QSbohZlNXNn//HY6lV2T3YaMzG58Jwr0YwOdVmOQv6i+7lu6xe3GqQu4kdqInqhLrBXnL+nabFuGTVSHtTg==

"@next/swc-android-arm64@13.0.1":
  version "13.0.1"
  resolved "https://registry.yarnpkg.com/@next/swc-android-arm64/-/swc-android-arm64-13.0.1.tgz#85a13d7667042394939741be218076e4e83a45a2"
  integrity sha512-szmO/i6GoHcPXcbhUKhwBMETWHNXH3ITz9wfxwOOFBNKdDU8pjKsHL88lg28aOiQYZSU1sxu1v1p9KY5kJIZCg==

"@next/swc-darwin-arm64@13.0.1":
  version "13.0.1"
  resolved "https://registry.yarnpkg.com/@next/swc-darwin-arm64/-/swc-darwin-arm64-13.0.1.tgz#d615d286127bb096a8950a9d7180fcc5d307614d"
  integrity sha512-O1RxCaiDNOjGZmdAp6SQoHUITt9aVDQXoR3lZ/TloI/NKRAyAV4u0KUUofK+KaZeHOmVTnPUaQuCyZSc3i1x5Q==

"@next/swc-darwin-x64@13.0.1":
  version "13.0.1"
  resolved "https://registry.yarnpkg.com/@next/swc-darwin-x64/-/swc-darwin-x64-13.0.1.tgz#f410beb8cbe0e82562226309f8ec8924cc6cb410"
  integrity sha512-8E6BY/VO+QqQkthhoWgB8mJMw1NcN9Vhl2OwEwxv8jy2r3zjeU+WNRxz4y8RLbcY0R1h+vHlXuP0mLnuac84tQ==

"@next/swc-freebsd-x64@13.0.1":
  version "13.0.1"
  resolved "https://registry.yarnpkg.com/@next/swc-freebsd-x64/-/swc-freebsd-x64-13.0.1.tgz#16eb9652d3f638305ca16b558408f5bc5eb6edde"
  integrity sha512-ocwoOxm2KVwF50RyoAT+2RQPLlkyoF7sAqzMUVgj+S6+DTkY3iwH+Zpo0XAk2pnqT9qguOrKnEpq9EIx//+K7Q==

"@next/swc-linux-arm-gnueabihf@13.0.1":
  version "13.0.1"
  resolved "https://registry.yarnpkg.com/@next/swc-linux-arm-gnueabihf/-/swc-linux-arm-gnueabihf-13.0.1.tgz#0da0700ccf654f813b4c86d057a998598a2fd427"
  integrity sha512-yO7e3zITfGol/N6lPQnmIRi0WyuILBMXrvH6EdmWzzqMDJFfTCII6l+B6gMO5WVDCTQUGQlQRNZ7sFqWR4I71g==

"@next/swc-linux-arm64-gnu@13.0.1":
  version "13.0.1"
  resolved "https://registry.yarnpkg.com/@next/swc-linux-arm64-gnu/-/swc-linux-arm64-gnu-13.0.1.tgz#f34759cd41086f5b8b582081b2af54f67dc544ae"
  integrity sha512-OEs6WDPDI8RyM8SjOqTDMqMBfOlU97VnW6ZMXUvzUTyH0K9c7NF+cn7UMu+I4tKFN0uJ9WQs/6TYaFBGkgoVVA==

"@next/swc-linux-arm64-musl@13.0.1":
  version "13.0.1"
  resolved "https://registry.yarnpkg.com/@next/swc-linux-arm64-musl/-/swc-linux-arm64-musl-13.0.1.tgz#bcfbf1cdfb9f4d632e7ebd67fd62b768cdd08cb7"
  integrity sha512-y5ypFK0Y3urZSFoQxbtDqvKsBx026sz+Fm+xHlPWlGHNZrbs3Q812iONjcZTo09QwRMk5X86iMWBRxV18xMhaw==

"@next/swc-linux-x64-gnu@13.0.1":
  version "13.0.1"
  resolved "https://registry.yarnpkg.com/@next/swc-linux-x64-gnu/-/swc-linux-x64-gnu-13.0.1.tgz#ed77528d4a3195d5e57d5d94d12cb2206c2b19ac"
  integrity sha512-XDIHEE6SU8VCF+dUVntD6PDv6RK31N0forx9kucZBYirbe8vCZ+Yx8hYgvtIaGrTcWtGxibxmND0pIuHDq8H5g==

"@next/swc-linux-x64-musl@13.0.1":
  version "13.0.1"
  resolved "https://registry.yarnpkg.com/@next/swc-linux-x64-musl/-/swc-linux-x64-musl-13.0.1.tgz#74cda49229d2a7fa421fee6b7dcd621a57934a5e"
  integrity sha512-yxIOuuz5EOx0F1FDtsyzaLgnDym0Ysxv8CWeJyDTKKmt9BVyITg6q/cD+RP9bEkT1TQi+PYXIMATSz675Q82xw==

"@next/swc-win32-arm64-msvc@13.0.1":
  version "13.0.1"
  resolved "https://registry.yarnpkg.com/@next/swc-win32-arm64-msvc/-/swc-win32-arm64-msvc-13.0.1.tgz#15d6add92aa897148d6c45749bf9d2eacee87197"
  integrity sha512-+ucLe2qgQzP+FM94jD4ns6LDGyMFaX9k3lVHqu/tsQCy2giMymbport4y4p77mYcXEMlDaHMzlHgOQyHRniWFA==

"@next/swc-win32-ia32-msvc@13.0.1":
  version "13.0.1"
  resolved "https://registry.yarnpkg.com/@next/swc-win32-ia32-msvc/-/swc-win32-ia32-msvc-13.0.1.tgz#e0c57902fe75327d092abb1ef19657775fe26f85"
  integrity sha512-Krr/qGN7OB35oZuvMAZKoXDt2IapynIWLh5A5rz6AODb7f/ZJqyAuZSK12vOa2zKdobS36Qm4IlxxBqn9c00MA==

"@next/swc-win32-x64-msvc@13.0.1":
  version "13.0.1"
  resolved "https://registry.yarnpkg.com/@next/swc-win32-x64-msvc/-/swc-win32-x64-msvc-13.0.1.tgz#469dde61519f6a310874af93ee5969f1d5ff6d03"
  integrity sha512-t/0G33t/6VGWZUGCOT7rG42qqvf/x+MrFp1CU+8CN6PrjSSL57R5bqkXfubV9t4eCEnUxVP+5Hn3MoEXEebtEw==

"@swc/helpers@0.4.11":
  version "0.4.11"
  resolved "https://registry.yarnpkg.com/@swc/helpers/-/helpers-0.4.11.tgz#db23a376761b3d31c26502122f349a21b592c8de"
  integrity sha512-rEUrBSGIoSFuYxwBYtlUFMlE2CwGhmW+w9355/5oduSw8e5h2+Tj4UrAGNNgP9915++wj5vkQo0UuOBqOAq4nw==
  dependencies:
    tslib "^2.4.0"

anymatch@~3.1.2:
  version "3.1.2"
  resolved "https://registry.yarnpkg.com/anymatch/-/anymatch-3.1.2.tgz#c0557c096af32f106198f4f4e2a383537e378716"
  integrity sha512-P43ePfOAIupkguHUycrc4qJ9kz8ZiuOUijaETwX7THt0Y/GNK7v0aa8rY816xWjZ7rJdA5XdMcpVFTKMq+RvWg==
  dependencies:
    normalize-path "^3.0.0"
    picomatch "^2.0.4"

binary-extensions@^2.0.0:
  version "2.2.0"
  resolved "https://registry.yarnpkg.com/binary-extensions/-/binary-extensions-2.2.0.tgz#75f502eeaf9ffde42fc98829645be4ea76bd9e2d"
  integrity sha512-jDctJ/IVQbZoJykoeHbhXpOlNBqGNcwXJKJog42E5HDPUwQTSdjCHdihjj0DlnheQ7blbT6dHOafNAiS8ooQKA==

braces@~3.0.2:
  version "3.0.2"
  resolved "https://registry.yarnpkg.com/braces/-/braces-3.0.2.tgz#3454e1a462ee8d599e236df336cd9ea4f8afe107"
  integrity sha512-b8um+L1RzM3WDSzvhm6gIz1yfTbBt6YTlcEKAvsmqCZZFw46z626lVj9j1yEPW33H5H+lBQpZMP1k8l+78Ha0A==
  dependencies:
    fill-range "^7.0.1"

caniuse-lite@^1.0.30001406:
  version "1.0.30001429"
  resolved "https://registry.yarnpkg.com/caniuse-lite/-/caniuse-lite-1.0.30001429.tgz#70cdae959096756a85713b36dd9cb82e62325639"
  integrity sha512-511ThLu1hF+5RRRt0zYCf2U2yRr9GPF6m5y90SBCWsvSoYoW7yAGlv/elyPaNfvGCkp6kj/KFZWU0BMA69Prsg==

"chokidar@>=3.0.0 <4.0.0":
  version "3.5.3"
  resolved "https://registry.yarnpkg.com/chokidar/-/chokidar-3.5.3.tgz#1cf37c8707b932bd1af1ae22c0432e2acd1903bd"
  integrity sha512-Dr3sfKRP6oTcjf2JmUmFJfeVMvXBdegxB0iVQ5eb2V10uFJUCAS8OByZdVAyVb8xXNz3GjjTgj9kLWsZTqE6kw==
  dependencies:
    anymatch "~3.1.2"
    braces "~3.0.2"
    glob-parent "~5.1.2"
    is-binary-path "~2.1.0"
    is-glob "~4.0.1"
    normalize-path "~3.0.0"
    readdirp "~3.6.0"
  optionalDependencies:
    fsevents "~2.3.2"

client-only@0.0.1:
  version "0.0.1"
  resolved "https://registry.yarnpkg.com/client-only/-/client-only-0.0.1.tgz#38bba5d403c41ab150bff64a95c85013cf73bca1"
  integrity sha512-IV3Ou0jSMzZrd3pZ48nLkT9DA7Ag1pnPzaiQhpW7c3RbcqqzvzzVu+L8gfqMp/8IM2MQtSiqaCxrrcfu8I8rMA==

fill-range@^7.0.1:
  version "7.0.1"
  resolved "https://registry.yarnpkg.com/fill-range/-/fill-range-7.0.1.tgz#1919a6a7c75fe38b2c7c77e5198535da9acdda40"
  integrity sha512-qOo9F+dMUmC2Lcb4BbVvnKJxTPjCm+RRpe4gDuGrzkL7mEVl/djYSu2OdQ2Pa302N4oqkSg9ir6jaLWJ2USVpQ==
  dependencies:
    to-regex-range "^5.0.1"

framer-motion@^7.6.3:
  version "7.6.3"
  resolved "https://registry.yarnpkg.com/framer-motion/-/framer-motion-7.6.3.tgz#ab15a9c8ca46381bf6b12d8e8a1a4b133c1eaf9a"
  integrity sha512-98YezJpKI2z5PKcao59xmxWyU/ZD78LVK6dfhSeal/5cD/KQ/FloAZ0j00qzp0V6F+Me5rwnSgwiO3i+2G4RXg==
  dependencies:
    "@motionone/dom" "10.13.1"
    framesync "6.1.2"
    hey-listen "^1.0.8"
    popmotion "11.0.5"
    style-value-types "5.1.2"
    tslib "2.4.0"
  optionalDependencies:
    "@emotion/is-prop-valid" "^0.8.2"

framesync@6.1.2:
  version "6.1.2"
  resolved "https://registry.yarnpkg.com/framesync/-/framesync-6.1.2.tgz#755eff2fb5b8f3b4d2b266dd18121b300aefea27"
  integrity sha512-jBTqhX6KaQVDyus8muwZbBeGGP0XgujBRbQ7gM7BRdS3CadCZIHiawyzYLnafYcvZIh5j8WE7cxZKFn7dXhu9g==
  dependencies:
    tslib "2.4.0"

fsevents@~2.3.2:
  version "2.3.2"
  resolved "https://registry.yarnpkg.com/fsevents/-/fsevents-2.3.2.tgz#8a526f78b8fdf4623b709e0b975c52c24c02fd1a"
  integrity sha512-xiqMQR4xAeHTuB9uWm+fFRcIOgKBMiOBP+eXiyT7jsgVCq1bkVygt00oASowB7EdtpOHaaPgKt812P9ab+DDKA==

glob-parent@~5.1.2:
  version "5.1.2"
  resolved "https://registry.yarnpkg.com/glob-parent/-/glob-parent-5.1.2.tgz#869832c58034fe68a4093c17dc15e8340d8401c4"
  integrity sha512-AOIgSQCepiJYwP3ARnGx+5VnTu2HBYdzbGP45eLw1vr3zB3vZLeyed1sC9hnbcOc9/SrMyM5RPQrkGz4aS9Zow==
  dependencies:
    is-glob "^4.0.1"

hey-listen@^1.0.8:
  version "1.0.8"
  resolved "https://registry.yarnpkg.com/hey-listen/-/hey-listen-1.0.8.tgz#8e59561ff724908de1aa924ed6ecc84a56a9aa68"
  integrity sha512-COpmrF2NOg4TBWUJ5UVyaCU2A88wEMkUPK4hNqyCkqHbxT92BbvfjoSozkAIIm6XhicGlJHhFdullInrdhwU8Q==

immutable@^4.0.0:
  version "4.1.0"
  resolved "https://registry.yarnpkg.com/immutable/-/immutable-4.1.0.tgz#f795787f0db780183307b9eb2091fcac1f6fafef"
  integrity sha512-oNkuqVTA8jqG1Q6c+UglTOD1xhC1BtjKI7XkCXRkZHrN5m18/XsnUp8Q89GkQO/z+0WjonSvl0FLhDYftp46nQ==

is-binary-path@~2.1.0:
  version "2.1.0"
  resolved "https://registry.yarnpkg.com/is-binary-path/-/is-binary-path-2.1.0.tgz#ea1f7f3b80f064236e83470f86c09c254fb45b09"
  integrity sha512-ZMERYes6pDydyuGidse7OsHxtbI7WVeUEozgR/g7rd0xUimYNlvZRE/K2MgZTjWy725IfelLeVcEM97mmtRGXw==
  dependencies:
    binary-extensions "^2.0.0"

is-extglob@^2.1.1:
  version "2.1.1"
  resolved "https://registry.yarnpkg.com/is-extglob/-/is-extglob-2.1.1.tgz#a88c02535791f02ed37c76a1b9ea9773c833f8c2"
  integrity sha512-SbKbANkN603Vi4jEZv49LeVJMn4yGwsbzZworEoyEiutsN3nJYdbO36zfhGJ6QEDpOZIFkDtnq5JRxmvl3jsoQ==

is-glob@^4.0.1, is-glob@~4.0.1:
  version "4.0.3"
  resolved "https://registry.yarnpkg.com/is-glob/-/is-glob-4.0.3.tgz#64f61e42cbbb2eec2071a9dac0b28ba1e65d5084"
  integrity sha512-xelSayHH36ZgE7ZWhli7pW34hNbNl8Ojv5KVmkJD4hBdD3th8Tfk9vYasLM+mXWOZhFkgZfxhLSnrwRr4elSSg==
  dependencies:
    is-extglob "^2.1.1"

is-number@^7.0.0:
  version "7.0.0"
  resolved "https://registry.yarnpkg.com/is-number/-/is-number-7.0.0.tgz#7535345b896734d5f80c4d06c50955527a14f12b"
  integrity sha512-41Cifkg6e8TylSpdtTpeLVMqvSBEVzTttHvERD741+pnZ8ANv0004MRL43QKPDlK9cGvNp6NZWZUBlbGXYxxng==

"js-tokens@^3.0.0 || ^4.0.0":
  version "4.0.0"
  resolved "https://registry.yarnpkg.com/js-tokens/-/js-tokens-4.0.0.tgz#19203fb59991df98e3a287050d4647cdeaf32499"
  integrity sha512-RdJUflcE3cUzKiMqQgsCu06FPu9UdIJO0beYbPhHN4k6apgJtifcoCtT9bcxOpYBtpD2kCM6Sbzg4CausW/PKQ==

loose-envify@^1.1.0:
  version "1.4.0"
  resolved "https://registry.yarnpkg.com/loose-envify/-/loose-envify-1.4.0.tgz#71ee51fa7be4caec1a63839f7e682d8132d30caf"
  integrity sha512-lyuxPGr/Wfhrlem2CL/UcnUc1zcqKAImBDzukY7Y5F/yQiNdko6+fRLevlw1HgMySw7f611UIY408EtxRSoK3Q==
  dependencies:
    js-tokens "^3.0.0 || ^4.0.0"

nanoid@^3.3.4:
  version "3.3.4"
  resolved "https://registry.yarnpkg.com/nanoid/-/nanoid-3.3.4.tgz#730b67e3cd09e2deacf03c027c81c9d9dbc5e8ab"
  integrity sha512-MqBkQh/OHTS2egovRtLk45wEyNXwF+cokD+1YPf9u5VfJiRdAiRwB2froX5Co9Rh20xs4siNPm8naNotSD6RBw==

next@13.0.1:
  version "13.0.1"
  resolved "https://registry.yarnpkg.com/next/-/next-13.0.1.tgz#8b4fc9998e58f503bdecb92f06fe6f850ac260d0"
  integrity sha512-ErCNBPIeZMKFn6hX+ZBSlqZVgJIeitEqhGTuQUNmYXJ07/A71DZ7AJI8eyHYUdBb686LUpV1/oBdTq9RpzRVPg==
  dependencies:
    "@next/env" "13.0.1"
    "@swc/helpers" "0.4.11"
    caniuse-lite "^1.0.30001406"
    postcss "8.4.14"
    styled-jsx "5.1.0"
    use-sync-external-store "1.2.0"
  optionalDependencies:
    "@next/swc-android-arm-eabi" "13.0.1"
    "@next/swc-android-arm64" "13.0.1"
    "@next/swc-darwin-arm64" "13.0.1"
    "@next/swc-darwin-x64" "13.0.1"
    "@next/swc-freebsd-x64" "13.0.1"
    "@next/swc-linux-arm-gnueabihf" "13.0.1"
    "@next/swc-linux-arm64-gnu" "13.0.1"
    "@next/swc-linux-arm64-musl" "13.0.1"
    "@next/swc-linux-x64-gnu" "13.0.1"
    "@next/swc-linux-x64-musl" "13.0.1"
    "@next/swc-win32-arm64-msvc" "13.0.1"
    "@next/swc-win32-ia32-msvc" "13.0.1"
    "@next/swc-win32-x64-msvc" "13.0.1"

normalize-path@^3.0.0, normalize-path@~3.0.0:
  version "3.0.0"
  resolved "https://registry.yarnpkg.com/normalize-path/-/normalize-path-3.0.0.tgz#0dcd69ff23a1c9b11fd0978316644a0388216a65"
  integrity sha512-6eZs5Ls3WtCisHWp9S2GUy8dqkpGi4BVSz3GaqiE6ezub0512ESztXUwUB6C6IKbQkY2Pnb/mD4WYojCRwcwLA==

picocolors@^1.0.0:
  version "1.0.0"
  resolved "https://registry.yarnpkg.com/picocolors/-/picocolors-1.0.0.tgz#cb5bdc74ff3f51892236eaf79d68bc44564ab81c"
  integrity sha512-1fygroTLlHu66zi26VoTDv8yRgm0Fccecssto+MhsZ0D/DGW2sm8E8AjW7NU5VVTRt5GxbeZ5qBuJr+HyLYkjQ==

picomatch@^2.0.4, picomatch@^2.2.1:
  version "2.3.1"
  resolved "https://registry.yarnpkg.com/picomatch/-/picomatch-2.3.1.tgz#3ba3833733646d9d3e4995946c1365a67fb07a42"
  integrity sha512-JU3teHTNjmE2VCGFzuY8EXzCDVwEqB2a8fsIvwaStHhAWJEeVd1o1QD80CU6+ZdEXXSLbSsuLwJjkCBWqRQUVA==

popmotion@11.0.5:
  version "11.0.5"
  resolved "https://registry.yarnpkg.com/popmotion/-/popmotion-11.0.5.tgz#8e3e014421a0ffa30ecd722564fd2558954e1f7d"
  integrity sha512-la8gPM1WYeFznb/JqF4GiTkRRPZsfaj2+kCxqQgr2MJylMmIKUwBfWW8Wa5fml/8gmtlD5yI01MP1QCZPWmppA==
  dependencies:
    framesync "6.1.2"
    hey-listen "^1.0.8"
    style-value-types "5.1.2"
    tslib "2.4.0"

postcss@8.4.14:
  version "8.4.14"
  resolved "https://registry.yarnpkg.com/postcss/-/postcss-8.4.14.tgz#ee9274d5622b4858c1007a74d76e42e56fd21caf"
  integrity sha512-E398TUmfAYFPBSdzgeieK2Y1+1cpdxJx8yXbK/m57nRhKSmk1GB2tO4lbLBtlkfPQTDKfe4Xqv1ASWPpayPEig==
  dependencies:
    nanoid "^3.3.4"
    picocolors "^1.0.0"
    source-map-js "^1.0.2"

react-dom@18.2.0:
  version "18.2.0"
  resolved "https://registry.yarnpkg.com/react-dom/-/react-dom-18.2.0.tgz#22aaf38708db2674ed9ada224ca4aa708d821e3d"
  integrity sha512-6IMTriUmvsjHUjNtEDudZfuDQUoWXVxKHhlEGSk81n4YFS+r/Kl99wXiwlVXtPBtJenozv2P+hxDsw9eA7Xo6g==
  dependencies:
    loose-envify "^1.1.0"
    scheduler "^0.23.0"

react@18.2.0:
  version "18.2.0"
  resolved "https://registry.yarnpkg.com/react/-/react-18.2.0.tgz#555bd98592883255fa00de14f1151a917b5d77d5"
  integrity sha512-/3IjMdb2L9QbBdWiW5e3P2/npwMBaU9mHCSCUzNln0ZCYbcfTsGbTJrU/kGemdH2IWmB2ioZ+zkxtmq6g09fGQ==
  dependencies:
    loose-envify "^1.1.0"

readdirp@~3.6.0:
  version "3.6.0"
  resolved "https://registry.yarnpkg.com/readdirp/-/readdirp-3.6.0.tgz#74a370bd857116e245b29cc97340cd431a02a6c7"
  integrity sha512-hOS089on8RduqdbhvQ5Z37A0ESjsqz6qnRcffsMU3495FuTdqSm+7bhJ29JvIOsBDEEnan5DPu9t3To9VRlMzA==
  dependencies:
    picomatch "^2.2.1"

sass@^1.55.0:
  version "1.55.0"
  resolved "https://registry.yarnpkg.com/sass/-/sass-1.55.0.tgz#0c4d3c293cfe8f8a2e8d3b666e1cf1bff8065d1c"
  integrity sha512-Pk+PMy7OGLs9WaxZGJMn7S96dvlyVBwwtToX895WmCpAOr5YiJYEUJfiJidMuKb613z2xNWcXCHEuOvjZbqC6A==
  dependencies:
    chokidar ">=3.0.0 <4.0.0"
    immutable "^4.0.0"
    source-map-js ">=0.6.2 <2.0.0"

scheduler@^0.23.0:
  version "0.23.0"
  resolved "https://registry.yarnpkg.com/scheduler/-/scheduler-0.23.0.tgz#ba8041afc3d30eb206a487b6b384002e4e61fdfe"
  integrity sha512-CtuThmgHNg7zIZWAXi3AsyIzA3n4xx7aNyjwC2VJldO2LMVDhFK+63xGqq6CsJH4rTAt6/M+N4GhZiDYPx9eUw==
  dependencies:
    loose-envify "^1.1.0"

"source-map-js@>=0.6.2 <2.0.0", source-map-js@^1.0.2:
  version "1.0.2"
  resolved "https://registry.yarnpkg.com/source-map-js/-/source-map-js-1.0.2.tgz#adbc361d9c62df380125e7f161f71c826f1e490c"
  integrity sha512-R0XvVJ9WusLiqTCEiGCmICCMplcCkIwwR11mOSD9CR5u+IXYdiseeEuXCVAjS54zqwkLcPNnmU4OeJ6tUrWhDw==

style-value-types@5.1.2:
  version "5.1.2"
  resolved "https://registry.yarnpkg.com/style-value-types/-/style-value-types-5.1.2.tgz#6be66b237bd546048a764883528072ed95713b62"
  integrity sha512-Vs9fNreYF9j6W2VvuDTP7kepALi7sk0xtk2Tu8Yxi9UoajJdEVpNpCov0HsLTqXvNGKX+Uv09pkozVITi1jf3Q==
  dependencies:
    hey-listen "^1.0.8"
    tslib "2.4.0"

styled-jsx@5.1.0:
  version "5.1.0"
  resolved "https://registry.yarnpkg.com/styled-jsx/-/styled-jsx-5.1.0.tgz#4a5622ab9714bd3fcfaeec292aa555871f057563"
  integrity sha512-/iHaRJt9U7T+5tp6TRelLnqBqiaIT0HsO0+vgyj8hK2KUk7aejFqRrumqPUlAqDwAj8IbS/1hk3IhBAAK/FCUQ==
  dependencies:
    client-only "0.0.1"

to-regex-range@^5.0.1:
  version "5.0.1"
  resolved "https://registry.yarnpkg.com/to-regex-range/-/to-regex-range-5.0.1.tgz#1648c44aae7c8d988a326018ed72f5b4dd0392e4"
  integrity sha512-65P7iz6X5yEr1cwcgvQxbbIw7Uk3gOy5dIdtZ4rDveLqhrdJP+Li/Hx6tyK0NEb+2GCyneCMJiGqrADCSNk8sQ==
  dependencies:
    is-number "^7.0.0"

tslib@2.4.0:
  version "2.4.0"
  resolved "https://registry.yarnpkg.com/tslib/-/tslib-2.4.0.tgz#7cecaa7f073ce680a05847aa77be941098f36dc3"
  integrity sha512-d6xOpEDfsi2CZVlPQzGeux8XMwLT9hssAsaPYExaQMuYskwb+x1x7J371tWlbBdWHroy99KnVB6qIkUbs5X3UQ==

tslib@^2.3.1, tslib@^2.4.0:
  version "2.4.1"
  resolved "https://registry.yarnpkg.com/tslib/-/tslib-2.4.1.tgz#0d0bfbaac2880b91e22df0768e55be9753a5b17e"
  integrity sha512-tGyy4dAjRIEwI7BzsB0lynWgOpfqjUdq91XXAlIWD2OwKBH7oCl/GZG/HT4BOHrTlPMOASlMQ7veyTqpmRcrNA==

use-sync-external-store@1.2.0:
  version "1.2.0"
  resolved "https://registry.yarnpkg.com/use-sync-external-store/-/use-sync-external-store-1.2.0.tgz#7dbefd6ef3fe4e767a0cf5d7287aacfb5846928a"
  integrity sha512-eEgnFxGQ1Ife9bzYs6VLi8/4X6CObHMw9Qr9tPY43iKwsPw8xE8+EFsf/2cFZ5S3esXgpWgtSCtLNS41F+sKPA==
